// !$*UTF8*$!
{
	archiveVersion = 1;
	classes = {
	};
	objectVersion = 46;
	objects = {

/* Begin PBXBuildFile section */
		27B71551530F4E753B4AD50F /* Pods_Cryptonite_iOS.framework in Frameworks */ = {isa = PBXBuildFile; fileRef = D218DD6070A8057284C1D88B /* Pods_Cryptonite_iOS.framework */; };
		494BE5F01DA8C0E20015B2E0 /* AuthColorViewController.swift in Sources */ = {isa = PBXBuildFile; fileRef = 494BE5EF1DA8C0E20015B2E0 /* AuthColorViewController.swift */; };
		494BE5F21DA8C1390015B2E0 /* JunkCollectionViewController.swift in Sources */ = {isa = PBXBuildFile; fileRef = 494BE5F11DA8C1390015B2E0 /* JunkCollectionViewController.swift */; };
		494BE5F41DA8E2FA0015B2E0 /* AuthPasswordViewController.swift in Sources */ = {isa = PBXBuildFile; fileRef = 494BE5F31DA8E2FA0015B2E0 /* AuthPasswordViewController.swift */; };
		497CBAFD1DA89DC100A63A50 /* AppDelegate.swift in Sources */ = {isa = PBXBuildFile; fileRef = 497CBAFC1DA89DC100A63A50 /* AppDelegate.swift */; };
		497CBAFF1DA89DC100A63A50 /* ViewController.swift in Sources */ = {isa = PBXBuildFile; fileRef = 497CBAFE1DA89DC100A63A50 /* ViewController.swift */; };
		497CBB021DA89DC100A63A50 /* Main.storyboard in Resources */ = {isa = PBXBuildFile; fileRef = 497CBB001DA89DC100A63A50 /* Main.storyboard */; };
		497CBB041DA89DC100A63A50 /* Assets.xcassets in Resources */ = {isa = PBXBuildFile; fileRef = 497CBB031DA89DC100A63A50 /* Assets.xcassets */; };
		497CBB071DA89DC100A63A50 /* LaunchScreen.storyboard in Resources */ = {isa = PBXBuildFile; fileRef = 497CBB051DA89DC100A63A50 /* LaunchScreen.storyboard */; };
		497CBB121DA89DC100A63A50 /* Cryptonite_iOSTests.swift in Sources */ = {isa = PBXBuildFile; fileRef = 497CBB111DA89DC100A63A50 /* Cryptonite_iOSTests.swift */; };
		497CBB1D1DA89DC200A63A50 /* Cryptonite_iOSUITests.swift in Sources */ = {isa = PBXBuildFile; fileRef = 497CBB1C1DA89DC200A63A50 /* Cryptonite_iOSUITests.swift */; };
		497CBB2B1DA8A35B00A63A50 /* AESHelper.swift in Sources */ = {isa = PBXBuildFile; fileRef = 497CBB2A1DA8A35B00A63A50 /* AESHelper.swift */; };
		49D143171DA98ED20021BE27 /* ProceduralHelper.swift in Sources */ = {isa = PBXBuildFile; fileRef = 49D143161DA98ED20021BE27 /* ProceduralHelper.swift */; };
		49D1431D1DA9908F0021BE27 /* PCSyncViewController.swift in Sources */ = {isa = PBXBuildFile; fileRef = 49D1431C1DA9908F0021BE27 /* PCSyncViewController.swift */; };
		49D1431F1DA993020021BE27 /* DesktopServerInteractor.swift in Sources */ = {isa = PBXBuildFile; fileRef = 49D1431E1DA993020021BE27 /* DesktopServerInteractor.swift */; };
		49D143211DA998230021BE27 /* Database.swift in Sources */ = {isa = PBXBuildFile; fileRef = 49D143201DA998230021BE27 /* Database.swift */; };
		49D143231DA9B24B0021BE27 /* ColorHelper.swift in Sources */ = {isa = PBXBuildFile; fileRef = 49D143221DA9B24B0021BE27 /* ColorHelper.swift */; };
		49D143271DA9C8E00021BE27 /* Website.swift in Sources */ = {isa = PBXBuildFile; fileRef = 49D143261DA9C8E00021BE27 /* Website.swift */; };
		49D143291DA9C99C0021BE27 /* StringExtension.swift in Sources */ = {isa = PBXBuildFile; fileRef = 49D143281DA9C99C0021BE27 /* StringExtension.swift */; };
		49D1432B1DA9F9750021BE27 /* VaultListTableViewController.swift in Sources */ = {isa = PBXBuildFile; fileRef = 49D1432A1DA9F9750021BE27 /* VaultListTableViewController.swift */; };
		D6DF86295C12911ECF95982A /* Pods_Cryptonite_iOSTests.framework in Frameworks */ = {isa = PBXBuildFile; fileRef = 32158CE146B478904AD60E16 /* Pods_Cryptonite_iOSTests.framework */; };
		F07D504EED7A96146A57ECA9 /* Pods_Cryptonite_iOSUITests.framework in Frameworks */ = {isa = PBXBuildFile; fileRef = 05EEF8036F04191F14F358F6 /* Pods_Cryptonite_iOSUITests.framework */; };
/* End PBXBuildFile section */

/* Begin PBXContainerItemProxy section */
		497CBB0E1DA89DC100A63A50 /* PBXContainerItemProxy */ = {
			isa = PBXContainerItemProxy;
			containerPortal = 497CBAF11DA89DC100A63A50 /* Project object */;
			proxyType = 1;
			remoteGlobalIDString = 497CBAF81DA89DC100A63A50;
			remoteInfo = "Cryptonite-iOS";
		};
		497CBB191DA89DC100A63A50 /* PBXContainerItemProxy */ = {
			isa = PBXContainerItemProxy;
			containerPortal = 497CBAF11DA89DC100A63A50 /* Project object */;
			proxyType = 1;
			remoteGlobalIDString = 497CBAF81DA89DC100A63A50;
			remoteInfo = "Cryptonite-iOS";
		};
/* End PBXContainerItemProxy section */

/* Begin PBXFileReference section */
		05EEF8036F04191F14F358F6 /* Pods_Cryptonite_iOSUITests.framework */ = {isa = PBXFileReference; explicitFileType = wrapper.framework; includeInIndex = 0; path = Pods_Cryptonite_iOSUITests.framework; sourceTree = BUILT_PRODUCTS_DIR; };
		1C30DB549EA5068A8A8F7FF5 /* Pods-Cryptonite-iOSUITests.release.xcconfig */ = {isa = PBXFileReference; includeInIndex = 1; lastKnownFileType = text.xcconfig; name = "Pods-Cryptonite-iOSUITests.release.xcconfig"; path = "Pods/Target Support Files/Pods-Cryptonite-iOSUITests/Pods-Cryptonite-iOSUITests.release.xcconfig"; sourceTree = "<group>"; };
		28F630C15EB0232843252925 /* Pods-Cryptonite-iOS.release.xcconfig */ = {isa = PBXFileReference; includeInIndex = 1; lastKnownFileType = text.xcconfig; name = "Pods-Cryptonite-iOS.release.xcconfig"; path = "Pods/Target Support Files/Pods-Cryptonite-iOS/Pods-Cryptonite-iOS.release.xcconfig"; sourceTree = "<group>"; };
		32158CE146B478904AD60E16 /* Pods_Cryptonite_iOSTests.framework */ = {isa = PBXFileReference; explicitFileType = wrapper.framework; includeInIndex = 0; path = Pods_Cryptonite_iOSTests.framework; sourceTree = BUILT_PRODUCTS_DIR; };
		494BE5EF1DA8C0E20015B2E0 /* AuthColorViewController.swift */ = {isa = PBXFileReference; fileEncoding = 4; lastKnownFileType = sourcecode.swift; path = AuthColorViewController.swift; sourceTree = "<group>"; };
		494BE5F11DA8C1390015B2E0 /* JunkCollectionViewController.swift */ = {isa = PBXFileReference; fileEncoding = 4; lastKnownFileType = sourcecode.swift; path = JunkCollectionViewController.swift; sourceTree = "<group>"; };
		494BE5F31DA8E2FA0015B2E0 /* AuthPasswordViewController.swift */ = {isa = PBXFileReference; fileEncoding = 4; lastKnownFileType = sourcecode.swift; path = AuthPasswordViewController.swift; sourceTree = "<group>"; };
		497CBAF91DA89DC100A63A50 /* Cryptonite-iOS.app */ = {isa = PBXFileReference; explicitFileType = wrapper.application; includeInIndex = 0; path = "Cryptonite-iOS.app"; sourceTree = BUILT_PRODUCTS_DIR; };
		497CBAFC1DA89DC100A63A50 /* AppDelegate.swift */ = {isa = PBXFileReference; lastKnownFileType = sourcecode.swift; path = AppDelegate.swift; sourceTree = "<group>"; };
		497CBAFE1DA89DC100A63A50 /* ViewController.swift */ = {isa = PBXFileReference; lastKnownFileType = sourcecode.swift; path = ViewController.swift; sourceTree = "<group>"; };
		497CBB011DA89DC100A63A50 /* Base */ = {isa = PBXFileReference; lastKnownFileType = file.storyboard; name = Base; path = Base.lproj/Main.storyboard; sourceTree = "<group>"; };
		497CBB031DA89DC100A63A50 /* Assets.xcassets */ = {isa = PBXFileReference; lastKnownFileType = folder.assetcatalog; path = Assets.xcassets; sourceTree = "<group>"; };
		497CBB061DA89DC100A63A50 /* Base */ = {isa = PBXFileReference; lastKnownFileType = file.storyboard; name = Base; path = Base.lproj/LaunchScreen.storyboard; sourceTree = "<group>"; };
		497CBB081DA89DC100A63A50 /* Info.plist */ = {isa = PBXFileReference; lastKnownFileType = text.plist.xml; path = Info.plist; sourceTree = "<group>"; };
		497CBB0D1DA89DC100A63A50 /* Cryptonite-iOSTests.xctest */ = {isa = PBXFileReference; explicitFileType = wrapper.cfbundle; includeInIndex = 0; path = "Cryptonite-iOSTests.xctest"; sourceTree = BUILT_PRODUCTS_DIR; };
		497CBB111DA89DC100A63A50 /* Cryptonite_iOSTests.swift */ = {isa = PBXFileReference; lastKnownFileType = sourcecode.swift; path = Cryptonite_iOSTests.swift; sourceTree = "<group>"; };
		497CBB131DA89DC100A63A50 /* Info.plist */ = {isa = PBXFileReference; lastKnownFileType = text.plist.xml; path = Info.plist; sourceTree = "<group>"; };
		497CBB181DA89DC100A63A50 /* Cryptonite-iOSUITests.xctest */ = {isa = PBXFileReference; explicitFileType = wrapper.cfbundle; includeInIndex = 0; path = "Cryptonite-iOSUITests.xctest"; sourceTree = BUILT_PRODUCTS_DIR; };
		497CBB1C1DA89DC200A63A50 /* Cryptonite_iOSUITests.swift */ = {isa = PBXFileReference; lastKnownFileType = sourcecode.swift; path = Cryptonite_iOSUITests.swift; sourceTree = "<group>"; };
		497CBB1E1DA89DC200A63A50 /* Info.plist */ = {isa = PBXFileReference; lastKnownFileType = text.plist.xml; path = Info.plist; sourceTree = "<group>"; };
		497CBB2A1DA8A35B00A63A50 /* AESHelper.swift */ = {isa = PBXFileReference; fileEncoding = 4; lastKnownFileType = sourcecode.swift; path = AESHelper.swift; sourceTree = "<group>"; };
		49D143161DA98ED20021BE27 /* ProceduralHelper.swift */ = {isa = PBXFileReference; fileEncoding = 4; lastKnownFileType = sourcecode.swift; path = ProceduralHelper.swift; sourceTree = "<group>"; };
		49D143181DA98EE80021BE27 /* Cryptonite-iOS-Bridging-Header.h */ = {isa = PBXFileReference; lastKnownFileType = sourcecode.c.h; path = "Cryptonite-iOS-Bridging-Header.h"; sourceTree = "<group>"; };
		49D1431C1DA9908F0021BE27 /* PCSyncViewController.swift */ = {isa = PBXFileReference; fileEncoding = 4; lastKnownFileType = sourcecode.swift; path = PCSyncViewController.swift; sourceTree = "<group>"; };
		49D1431E1DA993020021BE27 /* DesktopServerInteractor.swift */ = {isa = PBXFileReference; fileEncoding = 4; lastKnownFileType = sourcecode.swift; path = DesktopServerInteractor.swift; sourceTree = "<group>"; };
		49D143201DA998230021BE27 /* Database.swift */ = {isa = PBXFileReference; fileEncoding = 4; lastKnownFileType = sourcecode.swift; path = Database.swift; sourceTree = "<group>"; };
		49D143221DA9B24B0021BE27 /* ColorHelper.swift */ = {isa = PBXFileReference; fileEncoding = 4; lastKnownFileType = sourcecode.swift; path = ColorHelper.swift; sourceTree = "<group>"; };
		49D143261DA9C8E00021BE27 /* Website.swift */ = {isa = PBXFileReference; fileEncoding = 4; lastKnownFileType = sourcecode.swift; name = Website.swift; path = ../Pods/Website.swift; sourceTree = "<group>"; };
		49D143281DA9C99C0021BE27 /* StringExtension.swift */ = {isa = PBXFileReference; fileEncoding = 4; lastKnownFileType = sourcecode.swift; path = StringExtension.swift; sourceTree = "<group>"; };
		49D1432A1DA9F9750021BE27 /* VaultListTableViewController.swift */ = {isa = PBXFileReference; fileEncoding = 4; lastKnownFileType = sourcecode.swift; name = VaultListTableViewController.swift; path = Assets.xcassets/VaultListTableViewController.swift; sourceTree = "<group>"; };
		4C148F56DE736DDEFC5ADA2E /* Pods-Cryptonite-iOSTests.release.xcconfig */ = {isa = PBXFileReference; includeInIndex = 1; lastKnownFileType = text.xcconfig; name = "Pods-Cryptonite-iOSTests.release.xcconfig"; path = "Pods/Target Support Files/Pods-Cryptonite-iOSTests/Pods-Cryptonite-iOSTests.release.xcconfig"; sourceTree = "<group>"; };
		5776C0CE24D739FC3A2EF179 /* Pods-Cryptonite-iOSTests.debug.xcconfig */ = {isa = PBXFileReference; includeInIndex = 1; lastKnownFileType = text.xcconfig; name = "Pods-Cryptonite-iOSTests.debug.xcconfig"; path = "Pods/Target Support Files/Pods-Cryptonite-iOSTests/Pods-Cryptonite-iOSTests.debug.xcconfig"; sourceTree = "<group>"; };
		C52229A33AEA196830C0F478 /* Pods-Cryptonite-iOS.debug.xcconfig */ = {isa = PBXFileReference; includeInIndex = 1; lastKnownFileType = text.xcconfig; name = "Pods-Cryptonite-iOS.debug.xcconfig"; path = "Pods/Target Support Files/Pods-Cryptonite-iOS/Pods-Cryptonite-iOS.debug.xcconfig"; sourceTree = "<group>"; };
		D218DD6070A8057284C1D88B /* Pods_Cryptonite_iOS.framework */ = {isa = PBXFileReference; explicitFileType = wrapper.framework; includeInIndex = 0; path = Pods_Cryptonite_iOS.framework; sourceTree = BUILT_PRODUCTS_DIR; };
		DC2C51DFC74DB052E296EEED /* Pods-Cryptonite-iOSUITests.debug.xcconfig */ = {isa = PBXFileReference; includeInIndex = 1; lastKnownFileType = text.xcconfig; name = "Pods-Cryptonite-iOSUITests.debug.xcconfig"; path = "Pods/Target Support Files/Pods-Cryptonite-iOSUITests/Pods-Cryptonite-iOSUITests.debug.xcconfig"; sourceTree = "<group>"; };
/* End PBXFileReference section */

/* Begin PBXFrameworksBuildPhase section */
		497CBAF61DA89DC100A63A50 /* Frameworks */ = {
			isa = PBXFrameworksBuildPhase;
			buildActionMask = 2147483647;
			files = (
				27B71551530F4E753B4AD50F /* Pods_Cryptonite_iOS.framework in Frameworks */,
			);
			runOnlyForDeploymentPostprocessing = 0;
		};
		497CBB0A1DA89DC100A63A50 /* Frameworks */ = {
			isa = PBXFrameworksBuildPhase;
			buildActionMask = 2147483647;
			files = (
				D6DF86295C12911ECF95982A /* Pods_Cryptonite_iOSTests.framework in Frameworks */,
			);
			runOnlyForDeploymentPostprocessing = 0;
		};
		497CBB151DA89DC100A63A50 /* Frameworks */ = {
			isa = PBXFrameworksBuildPhase;
			buildActionMask = 2147483647;
			files = (
				F07D504EED7A96146A57ECA9 /* Pods_Cryptonite_iOSUITests.framework in Frameworks */,
			);
			runOnlyForDeploymentPostprocessing = 0;
		};
/* End PBXFrameworksBuildPhase section */

/* Begin PBXGroup section */
		469905D0AEE4BAC234D4FC49 /* Pods */ = {
			isa = PBXGroup;
			children = (
				C52229A33AEA196830C0F478 /* Pods-Cryptonite-iOS.debug.xcconfig */,
				28F630C15EB0232843252925 /* Pods-Cryptonite-iOS.release.xcconfig */,
				5776C0CE24D739FC3A2EF179 /* Pods-Cryptonite-iOSTests.debug.xcconfig */,
				4C148F56DE736DDEFC5ADA2E /* Pods-Cryptonite-iOSTests.release.xcconfig */,
				DC2C51DFC74DB052E296EEED /* Pods-Cryptonite-iOSUITests.debug.xcconfig */,
				1C30DB549EA5068A8A8F7FF5 /* Pods-Cryptonite-iOSUITests.release.xcconfig */,
			);
			name = Pods;
			sourceTree = "<group>";
		};
		494BE5EC1DA8C05F0015B2E0 /* View Controllers */ = {
			isa = PBXGroup;
			children = (
				49D1432A1DA9F9750021BE27 /* VaultListTableViewController.swift */,
				497CBAFE1DA89DC100A63A50 /* ViewController.swift */,
				494BE5EF1DA8C0E20015B2E0 /* AuthColorViewController.swift */,
				494BE5F31DA8E2FA0015B2E0 /* AuthPasswordViewController.swift */,
				494BE5F11DA8C1390015B2E0 /* JunkCollectionViewController.swift */,
				49D1431C1DA9908F0021BE27 /* PCSyncViewController.swift */,
			);
			name = "View Controllers";
			sourceTree = "<group>";
		};
		494BE5F51DA8E30B0015B2E0 /* Data Model */ = {
			isa = PBXGroup;
			children = (
				49D143201DA998230021BE27 /* Database.swift */,
				49D143261DA9C8E00021BE27 /* Website.swift */,
			);
			name = "Data Model";
			sourceTree = "<group>";
		};
		494BE5F61DA8E3110015B2E0 /* Helpers */ = {
			isa = PBXGroup;
			children = (
				497CBB2A1DA8A35B00A63A50 /* AESHelper.swift */,
				49D143161DA98ED20021BE27 /* ProceduralHelper.swift */,
				49D143281DA9C99C0021BE27 /* StringExtension.swift */,
				49D1431E1DA993020021BE27 /* DesktopServerInteractor.swift */,
				49D143221DA9B24B0021BE27 /* ColorHelper.swift */,
			);
			name = Helpers;
			sourceTree = "<group>";
		};
		497CBAF01DA89DC100A63A50 = {
			isa = PBXGroup;
			children = (
				497CBAFB1DA89DC100A63A50 /* Cryptonite-iOS */,
				497CBB101DA89DC100A63A50 /* Cryptonite-iOSTests */,
				497CBB1B1DA89DC100A63A50 /* Cryptonite-iOSUITests */,
				497CBAFA1DA89DC100A63A50 /* Products */,
				469905D0AEE4BAC234D4FC49 /* Pods */,
				51779E47F7D00B6DE129B1A1 /* Frameworks */,
			);
			sourceTree = "<group>";
		};
		497CBAFA1DA89DC100A63A50 /* Products */ = {
			isa = PBXGroup;
			children = (
				497CBAF91DA89DC100A63A50 /* Cryptonite-iOS.app */,
				497CBB0D1DA89DC100A63A50 /* Cryptonite-iOSTests.xctest */,
				497CBB181DA89DC100A63A50 /* Cryptonite-iOSUITests.xctest */,
			);
			name = Products;
			sourceTree = "<group>";
		};
		497CBAFB1DA89DC100A63A50 /* Cryptonite-iOS */ = {
			isa = PBXGroup;
			children = (
				497CBAFC1DA89DC100A63A50 /* AppDelegate.swift */,
				494BE5F61DA8E3110015B2E0 /* Helpers */,
				494BE5F51DA8E30B0015B2E0 /* Data Model */,
				494BE5EC1DA8C05F0015B2E0 /* View Controllers */,
				497CBB001DA89DC100A63A50 /* Main.storyboard */,
				497CBB031DA89DC100A63A50 /* Assets.xcassets */,
				497CBB051DA89DC100A63A50 /* LaunchScreen.storyboard */,
				49D143181DA98EE80021BE27 /* Cryptonite-iOS-Bridging-Header.h */,
				497CBB081DA89DC100A63A50 /* Info.plist */,
			);
			path = "Cryptonite-iOS";
			sourceTree = "<group>";
		};
		497CBB101DA89DC100A63A50 /* Cryptonite-iOSTests */ = {
			isa = PBXGroup;
			children = (
				497CBB111DA89DC100A63A50 /* Cryptonite_iOSTests.swift */,
				497CBB131DA89DC100A63A50 /* Info.plist */,
			);
			path = "Cryptonite-iOSTests";
			sourceTree = "<group>";
		};
		497CBB1B1DA89DC100A63A50 /* Cryptonite-iOSUITests */ = {
			isa = PBXGroup;
			children = (
				497CBB1C1DA89DC200A63A50 /* Cryptonite_iOSUITests.swift */,
				497CBB1E1DA89DC200A63A50 /* Info.plist */,
			);
			path = "Cryptonite-iOSUITests";
			sourceTree = "<group>";
		};
		51779E47F7D00B6DE129B1A1 /* Frameworks */ = {
			isa = PBXGroup;
			children = (
				D218DD6070A8057284C1D88B /* Pods_Cryptonite_iOS.framework */,
				32158CE146B478904AD60E16 /* Pods_Cryptonite_iOSTests.framework */,
				05EEF8036F04191F14F358F6 /* Pods_Cryptonite_iOSUITests.framework */,
			);
			name = Frameworks;
			sourceTree = "<group>";
		};
/* End PBXGroup section */

/* Begin PBXNativeTarget section */
		497CBAF81DA89DC100A63A50 /* Cryptonite-iOS */ = {
			isa = PBXNativeTarget;
			buildConfigurationList = 497CBB211DA89DC200A63A50 /* Build configuration list for PBXNativeTarget "Cryptonite-iOS" */;
			buildPhases = (
				8CEF5783F3CAA68BD9E45254 /* [CP] Check Pods Manifest.lock */,
				497CBAF51DA89DC100A63A50 /* Sources */,
				497CBAF61DA89DC100A63A50 /* Frameworks */,
				497CBAF71DA89DC100A63A50 /* Resources */,
				490D6935606635B58121716E /* [CP] Embed Pods Frameworks */,
				B099A1E3A5525CADFDF73CE3 /* [CP] Copy Pods Resources */,
			);
			buildRules = (
			);
			dependencies = (
			);
			name = "Cryptonite-iOS";
			productName = "Cryptonite-iOS";
			productReference = 497CBAF91DA89DC100A63A50 /* Cryptonite-iOS.app */;
			productType = "com.apple.product-type.application";
		};
		497CBB0C1DA89DC100A63A50 /* Cryptonite-iOSTests */ = {
			isa = PBXNativeTarget;
			buildConfigurationList = 497CBB241DA89DC200A63A50 /* Build configuration list for PBXNativeTarget "Cryptonite-iOSTests" */;
			buildPhases = (
				5D01D2DB6E0F3FCFA1475E6D /* [CP] Check Pods Manifest.lock */,
				497CBB091DA89DC100A63A50 /* Sources */,
				497CBB0A1DA89DC100A63A50 /* Frameworks */,
				497CBB0B1DA89DC100A63A50 /* Resources */,
				FE9C001874837F1C3E84B967 /* [CP] Embed Pods Frameworks */,
				01DB7792C630C9AE55F436B2 /* [CP] Copy Pods Resources */,
			);
			buildRules = (
			);
			dependencies = (
				497CBB0F1DA89DC100A63A50 /* PBXTargetDependency */,
			);
			name = "Cryptonite-iOSTests";
			productName = "Cryptonite-iOSTests";
			productReference = 497CBB0D1DA89DC100A63A50 /* Cryptonite-iOSTests.xctest */;
			productType = "com.apple.product-type.bundle.unit-test";
		};
		497CBB171DA89DC100A63A50 /* Cryptonite-iOSUITests */ = {
			isa = PBXNativeTarget;
			buildConfigurationList = 497CBB271DA89DC200A63A50 /* Build configuration list for PBXNativeTarget "Cryptonite-iOSUITests" */;
			buildPhases = (
				7D99B86FAC1CD701E397BD57 /* [CP] Check Pods Manifest.lock */,
				497CBB141DA89DC100A63A50 /* Sources */,
				497CBB151DA89DC100A63A50 /* Frameworks */,
				497CBB161DA89DC100A63A50 /* Resources */,
				0D4473BA94A649C74463D4C4 /* [CP] Copy Pods Resources */,
			);
			buildRules = (
			);
			dependencies = (
				497CBB1A1DA89DC100A63A50 /* PBXTargetDependency */,
			);
			name = "Cryptonite-iOSUITests";
			productName = "Cryptonite-iOSUITests";
			productReference = 497CBB181DA89DC100A63A50 /* Cryptonite-iOSUITests.xctest */;
			productType = "com.apple.product-type.bundle.ui-testing";
		};
/* End PBXNativeTarget section */

/* Begin PBXProject section */
		497CBAF11DA89DC100A63A50 /* Project object */ = {
			isa = PBXProject;
			attributes = {
				LastSwiftUpdateCheck = 0730;
				LastUpgradeCheck = 0730;
				ORGANIZATIONNAME = "Andrew Arpasi";
				TargetAttributes = {
					497CBAF81DA89DC100A63A50 = {
						CreatedOnToolsVersion = 7.3.1;
					};
					497CBB0C1DA89DC100A63A50 = {
						CreatedOnToolsVersion = 7.3.1;
						TestTargetID = 497CBAF81DA89DC100A63A50;
					};
					497CBB171DA89DC100A63A50 = {
						CreatedOnToolsVersion = 7.3.1;
						TestTargetID = 497CBAF81DA89DC100A63A50;
					};
				};
			};
			buildConfigurationList = 497CBAF41DA89DC100A63A50 /* Build configuration list for PBXProject "Cryptonite-iOS" */;
			compatibilityVersion = "Xcode 3.2";
			developmentRegion = English;
			hasScannedForEncodings = 0;
			knownRegions = (
				en,
				Base,
			);
			mainGroup = 497CBAF01DA89DC100A63A50;
			productRefGroup = 497CBAFA1DA89DC100A63A50 /* Products */;
			projectDirPath = "";
			projectRoot = "";
			targets = (
				497CBAF81DA89DC100A63A50 /* Cryptonite-iOS */,
				497CBB0C1DA89DC100A63A50 /* Cryptonite-iOSTests */,
				497CBB171DA89DC100A63A50 /* Cryptonite-iOSUITests */,
			);
		};
/* End PBXProject section */

/* Begin PBXResourcesBuildPhase section */
		497CBAF71DA89DC100A63A50 /* Resources */ = {
			isa = PBXResourcesBuildPhase;
			buildActionMask = 2147483647;
			files = (
				497CBB071DA89DC100A63A50 /* LaunchScreen.storyboard in Resources */,
				497CBB041DA89DC100A63A50 /* Assets.xcassets in Resources */,
				497CBB021DA89DC100A63A50 /* Main.storyboard in Resources */,
			);
			runOnlyForDeploymentPostprocessing = 0;
		};
		497CBB0B1DA89DC100A63A50 /* Resources */ = {
			isa = PBXResourcesBuildPhase;
			buildActionMask = 2147483647;
			files = (
			);
			runOnlyForDeploymentPostprocessing = 0;
		};
		497CBB161DA89DC100A63A50 /* Resources */ = {
			isa = PBXResourcesBuildPhase;
			buildActionMask = 2147483647;
			files = (
			);
			runOnlyForDeploymentPostprocessing = 0;
		};
/* End PBXResourcesBuildPhase section */

/* Begin PBXShellScriptBuildPhase section */
		01DB7792C630C9AE55F436B2 /* [CP] Copy Pods Resources */ = {
			isa = PBXShellScriptBuildPhase;
			buildActionMask = 2147483647;
			files = (
			);
			inputPaths = (
			);
			name = "[CP] Copy Pods Resources";
			outputPaths = (
			);
			runOnlyForDeploymentPostprocessing = 0;
			shellPath = /bin/sh;
			shellScript = "\"${SRCROOT}/Pods/Target Support Files/Pods-Cryptonite-iOSTests/Pods-Cryptonite-iOSTests-resources.sh\"\n";
			showEnvVarsInLog = 0;
		};
		0D4473BA94A649C74463D4C4 /* [CP] Copy Pods Resources */ = {
			isa = PBXShellScriptBuildPhase;
			buildActionMask = 2147483647;
			files = (
			);
			inputPaths = (
			);
			name = "[CP] Copy Pods Resources";
			outputPaths = (
			);
			runOnlyForDeploymentPostprocessing = 0;
			shellPath = /bin/sh;
			shellScript = "\"${SRCROOT}/Pods/Target Support Files/Pods-Cryptonite-iOSUITests/Pods-Cryptonite-iOSUITests-resources.sh\"\n";
			showEnvVarsInLog = 0;
		};
		490D6935606635B58121716E /* [CP] Embed Pods Frameworks */ = {
			isa = PBXShellScriptBuildPhase;
			buildActionMask = 2147483647;
			files = (
			);
			inputPaths = (
			);
			name = "[CP] Embed Pods Frameworks";
			outputPaths = (
			);
			runOnlyForDeploymentPostprocessing = 0;
			shellPath = /bin/sh;
			shellScript = "\"${SRCROOT}/Pods/Target Support Files/Pods-Cryptonite-iOS/Pods-Cryptonite-iOS-frameworks.sh\"\n";
			showEnvVarsInLog = 0;
		};
		5D01D2DB6E0F3FCFA1475E6D /* [CP] Check Pods Manifest.lock */ = {
			isa = PBXShellScriptBuildPhase;
			buildActionMask = 2147483647;
			files = (
			);
			inputPaths = (
			);
			name = "[CP] Check Pods Manifest.lock";
			outputPaths = (
			);
			runOnlyForDeploymentPostprocessing = 0;
			shellPath = /bin/sh;
			shellScript = "diff \"${PODS_ROOT}/../Podfile.lock\" \"${PODS_ROOT}/Manifest.lock\" > /dev/null\nif [[ $? != 0 ]] ; then\n    cat << EOM\nerror: The sandbox is not in sync with the Podfile.lock. Run 'pod install' or update your CocoaPods installation.\nEOM\n    exit 1\nfi\n";
			showEnvVarsInLog = 0;
		};
		7D99B86FAC1CD701E397BD57 /* [CP] Check Pods Manifest.lock */ = {
			isa = PBXShellScriptBuildPhase;
			buildActionMask = 2147483647;
			files = (
			);
			inputPaths = (
			);
			name = "[CP] Check Pods Manifest.lock";
			outputPaths = (
			);
			runOnlyForDeploymentPostprocessing = 0;
			shellPath = /bin/sh;
			shellScript = "diff \"${PODS_ROOT}/../Podfile.lock\" \"${PODS_ROOT}/Manifest.lock\" > /dev/null\nif [[ $? != 0 ]] ; then\n    cat << EOM\nerror: The sandbox is not in sync with the Podfile.lock. Run 'pod install' or update your CocoaPods installation.\nEOM\n    exit 1\nfi\n";
			showEnvVarsInLog = 0;
		};
		8CEF5783F3CAA68BD9E45254 /* [CP] Check Pods Manifest.lock */ = {
			isa = PBXShellScriptBuildPhase;
			buildActionMask = 2147483647;
			files = (
			);
			inputPaths = (
			);
			name = "[CP] Check Pods Manifest.lock";
			outputPaths = (
			);
			runOnlyForDeploymentPostprocessing = 0;
			shellPath = /bin/sh;
			shellScript = "diff \"${PODS_ROOT}/../Podfile.lock\" \"${PODS_ROOT}/Manifest.lock\" > /dev/null\nif [[ $? != 0 ]] ; then\n    cat << EOM\nerror: The sandbox is not in sync with the Podfile.lock. Run 'pod install' or update your CocoaPods installation.\nEOM\n    exit 1\nfi\n";
			showEnvVarsInLog = 0;
		};
		B099A1E3A5525CADFDF73CE3 /* [CP] Copy Pods Resources */ = {
			isa = PBXShellScriptBuildPhase;
			buildActionMask = 2147483647;
			files = (
			);
			inputPaths = (
			);
			name = "[CP] Copy Pods Resources";
			outputPaths = (
			);
			runOnlyForDeploymentPostprocessing = 0;
			shellPath = /bin/sh;
			shellScript = "\"${SRCROOT}/Pods/Target Support Files/Pods-Cryptonite-iOS/Pods-Cryptonite-iOS-resources.sh\"\n";
			showEnvVarsInLog = 0;
		};
		FE9C001874837F1C3E84B967 /* [CP] Embed Pods Frameworks */ = {
			isa = PBXShellScriptBuildPhase;
			buildActionMask = 2147483647;
			files = (
			);
			inputPaths = (
			);
			name = "[CP] Embed Pods Frameworks";
			outputPaths = (
			);
			runOnlyForDeploymentPostprocessing = 0;
			shellPath = /bin/sh;
			shellScript = "\"${SRCROOT}/Pods/Target Support Files/Pods-Cryptonite-iOSTests/Pods-Cryptonite-iOSTests-frameworks.sh\"\n";
			showEnvVarsInLog = 0;
		};
/* End PBXShellScriptBuildPhase section */

/* Begin PBXSourcesBuildPhase section */
		497CBAF51DA89DC100A63A50 /* Sources */ = {
			isa = PBXSourcesBuildPhase;
			buildActionMask = 2147483647;
			files = (
				494BE5F01DA8C0E20015B2E0 /* AuthColorViewController.swift in Sources */,
				49D1431F1DA993020021BE27 /* DesktopServerInteractor.swift in Sources */,
				494BE5F21DA8C1390015B2E0 /* JunkCollectionViewController.swift in Sources */,
				497CBAFF1DA89DC100A63A50 /* ViewController.swift in Sources */,
				497CBB2B1DA8A35B00A63A50 /* AESHelper.swift in Sources */,
				49D1431D1DA9908F0021BE27 /* PCSyncViewController.swift in Sources */,
				49D1432B1DA9F9750021BE27 /* VaultListTableViewController.swift in Sources */,
				497CBAFD1DA89DC100A63A50 /* AppDelegate.swift in Sources */,
				49D143231DA9B24B0021BE27 /* ColorHelper.swift in Sources */,
				49D143171DA98ED20021BE27 /* ProceduralHelper.swift in Sources */,
				49D143211DA998230021BE27 /* Database.swift in Sources */,
				494BE5F41DA8E2FA0015B2E0 /* AuthPasswordViewController.swift in Sources */,
				49D143291DA9C99C0021BE27 /* StringExtension.swift in Sources */,
				49D143271DA9C8E00021BE27 /* Website.swift in Sources */,
			);
			runOnlyForDeploymentPostprocessing = 0;
		};
		497CBB091DA89DC100A63A50 /* Sources */ = {
			isa = PBXSourcesBuildPhase;
			buildActionMask = 2147483647;
			files = (
				497CBB121DA89DC100A63A50 /* Cryptonite_iOSTests.swift in Sources */,
			);
			runOnlyForDeploymentPostprocessing = 0;
		};
		497CBB141DA89DC100A63A50 /* Sources */ = {
			isa = PBXSourcesBuildPhase;
			buildActionMask = 2147483647;
			files = (
				497CBB1D1DA89DC200A63A50 /* Cryptonite_iOSUITests.swift in Sources */,
			);
			runOnlyForDeploymentPostprocessing = 0;
		};
/* End PBXSourcesBuildPhase section */

/* Begin PBXTargetDependency section */
		497CBB0F1DA89DC100A63A50 /* PBXTargetDependency */ = {
			isa = PBXTargetDependency;
			target = 497CBAF81DA89DC100A63A50 /* Cryptonite-iOS */;
			targetProxy = 497CBB0E1DA89DC100A63A50 /* PBXContainerItemProxy */;
		};
		497CBB1A1DA89DC100A63A50 /* PBXTargetDependency */ = {
			isa = PBXTargetDependency;
			target = 497CBAF81DA89DC100A63A50 /* Cryptonite-iOS */;
			targetProxy = 497CBB191DA89DC100A63A50 /* PBXContainerItemProxy */;
		};
/* End PBXTargetDependency section */

/* Begin PBXVariantGroup section */
		497CBB001DA89DC100A63A50 /* Main.storyboard */ = {
			isa = PBXVariantGroup;
			children = (
				497CBB011DA89DC100A63A50 /* Base */,
			);
			name = Main.storyboard;
			sourceTree = "<group>";
		};
		497CBB051DA89DC100A63A50 /* LaunchScreen.storyboard */ = {
			isa = PBXVariantGroup;
			children = (
				497CBB061DA89DC100A63A50 /* Base */,
			);
			name = LaunchScreen.storyboard;
			sourceTree = "<group>";
		};
/* End PBXVariantGroup section */

/* Begin XCBuildConfiguration section */
		497CBB1F1DA89DC200A63A50 /* Debug */ = {
			isa = XCBuildConfiguration;
			buildSettings = {
				ALWAYS_SEARCH_USER_PATHS = NO;
				CLANG_ANALYZER_NONNULL = YES;
				CLANG_CXX_LANGUAGE_STANDARD = "gnu++0x";
				CLANG_CXX_LIBRARY = "libc++";
				CLANG_ENABLE_MODULES = YES;
				CLANG_ENABLE_OBJC_ARC = YES;
				CLANG_WARN_BOOL_CONVERSION = YES;
				CLANG_WARN_CONSTANT_CONVERSION = YES;
				CLANG_WARN_DIRECT_OBJC_ISA_USAGE = YES_ERROR;
				CLANG_WARN_EMPTY_BODY = YES;
				CLANG_WARN_ENUM_CONVERSION = YES;
				CLANG_WARN_INT_CONVERSION = YES;
				CLANG_WARN_OBJC_ROOT_CLASS = YES_ERROR;
				CLANG_WARN_UNREACHABLE_CODE = YES;
				CLANG_WARN__DUPLICATE_METHOD_MATCH = YES;
				"CODE_SIGN_IDENTITY[sdk=iphoneos*]" = "iPhone Developer";
				COPY_PHASE_STRIP = NO;
				DEBUG_INFORMATION_FORMAT = dwarf;
				ENABLE_STRICT_OBJC_MSGSEND = YES;
				ENABLE_TESTABILITY = YES;
				GCC_C_LANGUAGE_STANDARD = gnu99;
				GCC_DYNAMIC_NO_PIC = NO;
				GCC_NO_COMMON_BLOCKS = YES;
				GCC_OPTIMIZATION_LEVEL = 0;
				GCC_PREPROCESSOR_DEFINITIONS = (
					"DEBUG=1",
					"$(inherited)",
				);
				GCC_WARN_64_TO_32_BIT_CONVERSION = YES;
				GCC_WARN_ABOUT_RETURN_TYPE = YES_ERROR;
				GCC_WARN_UNDECLARED_SELECTOR = YES;
				GCC_WARN_UNINITIALIZED_AUTOS = YES_AGGRESSIVE;
				GCC_WARN_UNUSED_FUNCTION = YES;
				GCC_WARN_UNUSED_VARIABLE = YES;
				IPHONEOS_DEPLOYMENT_TARGET = 9.3;
				MTL_ENABLE_DEBUG_INFO = YES;
				ONLY_ACTIVE_ARCH = YES;
				SDKROOT = iphoneos;
				SWIFT_OPTIMIZATION_LEVEL = "-Onone";
				TARGETED_DEVICE_FAMILY = "1,2";
			};
			name = Debug;
		};
		497CBB201DA89DC200A63A50 /* Release */ = {
			isa = XCBuildConfiguration;
			buildSettings = {
				ALWAYS_SEARCH_USER_PATHS = NO;
				CLANG_ANALYZER_NONNULL = YES;
				CLANG_CXX_LANGUAGE_STANDARD = "gnu++0x";
				CLANG_CXX_LIBRARY = "libc++";
				CLANG_ENABLE_MODULES = YES;
				CLANG_ENABLE_OBJC_ARC = YES;
				CLANG_WARN_BOOL_CONVERSION = YES;
				CLANG_WARN_CONSTANT_CONVERSION = YES;
				CLANG_WARN_DIRECT_OBJC_ISA_USAGE = YES_ERROR;
				CLANG_WARN_EMPTY_BODY = YES;
				CLANG_WARN_ENUM_CONVERSION = YES;
				CLANG_WARN_INT_CONVERSION = YES;
				CLANG_WARN_OBJC_ROOT_CLASS = YES_ERROR;
				CLANG_WARN_UNREACHABLE_CODE = YES;
				CLANG_WARN__DUPLICATE_METHOD_MATCH = YES;
				"CODE_SIGN_IDENTITY[sdk=iphoneos*]" = "iPhone Developer";
				COPY_PHASE_STRIP = NO;
				DEBUG_INFORMATION_FORMAT = "dwarf-with-dsym";
				ENABLE_NS_ASSERTIONS = NO;
				ENABLE_STRICT_OBJC_MSGSEND = YES;
				GCC_C_LANGUAGE_STANDARD = gnu99;
				GCC_NO_COMMON_BLOCKS = YES;
				GCC_WARN_64_TO_32_BIT_CONVERSION = YES;
				GCC_WARN_ABOUT_RETURN_TYPE = YES_ERROR;
				GCC_WARN_UNDECLARED_SELECTOR = YES;
				GCC_WARN_UNINITIALIZED_AUTOS = YES_AGGRESSIVE;
				GCC_WARN_UNUSED_FUNCTION = YES;
				GCC_WARN_UNUSED_VARIABLE = YES;
				IPHONEOS_DEPLOYMENT_TARGET = 9.3;
				MTL_ENABLE_DEBUG_INFO = NO;
				SDKROOT = iphoneos;
				TARGETED_DEVICE_FAMILY = "1,2";
				VALIDATE_PRODUCT = YES;
			};
			name = Release;
		};
		497CBB221DA89DC200A63A50 /* Debug */ = {
			isa = XCBuildConfiguration;
			baseConfigurationReference = C52229A33AEA196830C0F478 /* Pods-Cryptonite-iOS.debug.xcconfig */;
			buildSettings = {
				ASSETCATALOG_COMPILER_APPICON_NAME = AppIcon;
				CLANG_ENABLE_MODULES = YES;
				INFOPLIST_FILE = "Cryptonite-iOS/Info.plist";
				LD_RUNPATH_SEARCH_PATHS = "$(inherited) @executable_path/Frameworks";
				PRODUCT_BUNDLE_IDENTIFIER = "aarpasi.Cryptonite-iOS";
				PRODUCT_NAME = "$(TARGET_NAME)";
				SWIFT_OBJC_BRIDGING_HEADER = "Cryptonite-iOS/Cryptonite-iOS-Bridging-Header.h";
				SWIFT_OPTIMIZATION_LEVEL = "-Onone";
			};
			name = Debug;
		};
		497CBB231DA89DC200A63A50 /* Release */ = {
			isa = XCBuildConfiguration;
			baseConfigurationReference = 28F630C15EB0232843252925 /* Pods-Cryptonite-iOS.release.xcconfig */;
			buildSettings = {
				ASSETCATALOG_COMPILER_APPICON_NAME = AppIcon;
				CLANG_ENABLE_MODULES = YES;
				INFOPLIST_FILE = "Cryptonite-iOS/Info.plist";
				LD_RUNPATH_SEARCH_PATHS = "$(inherited) @executable_path/Frameworks";
				PRODUCT_BUNDLE_IDENTIFIER = "aarpasi.Cryptonite-iOS";
				PRODUCT_NAME = "$(TARGET_NAME)";
				SWIFT_OBJC_BRIDGING_HEADER = "Cryptonite-iOS/Cryptonite-iOS-Bridging-Header.h";
			};
			name = Release;
		};
		497CBB251DA89DC200A63A50 /* Debug */ = {
			isa = XCBuildConfiguration;
			baseConfigurationReference = 5776C0CE24D739FC3A2EF179 /* Pods-Cryptonite-iOSTests.debug.xcconfig */;
			buildSettings = {
				BUNDLE_LOADER = "$(TEST_HOST)";
				INFOPLIST_FILE = "Cryptonite-iOSTests/Info.plist";
				LD_RUNPATH_SEARCH_PATHS = "$(inherited) @executable_path/Frameworks @loader_path/Frameworks";
				PRODUCT_BUNDLE_IDENTIFIER = "aarpasi.Cryptonite-iOSTests";
				PRODUCT_NAME = "$(TARGET_NAME)";
				TEST_HOST = "$(BUILT_PRODUCTS_DIR)/Cryptonite-iOS.app/Cryptonite-iOS";
			};
			name = Debug;
		};
		497CBB261DA89DC200A63A50 /* Release */ = {
			isa = XCBuildConfiguration;
			baseConfigurationReference = 4C148F56DE736DDEFC5ADA2E /* Pods-Cryptonite-iOSTests.release.xcconfig */;
			buildSettings = {
				BUNDLE_LOADER = "$(TEST_HOST)";
				INFOPLIST_FILE = "Cryptonite-iOSTests/Info.plist";
				LD_RUNPATH_SEARCH_PATHS = "$(inherited) @executable_path/Frameworks @loader_path/Frameworks";
				PRODUCT_BUNDLE_IDENTIFIER = "aarpasi.Cryptonite-iOSTests";
				PRODUCT_NAME = "$(TARGET_NAME)";
				TEST_HOST = "$(BUILT_PRODUCTS_DIR)/Cryptonite-iOS.app/Cryptonite-iOS";
			};
			name = Release;
		};
		497CBB281DA89DC200A63A50 /* Debug */ = {
			isa = XCBuildConfiguration;
			baseConfigurationReference = DC2C51DFC74DB052E296EEED /* Pods-Cryptonite-iOSUITests.debug.xcconfig */;
			buildSettings = {
				INFOPLIST_FILE = "Cryptonite-iOSUITests/Info.plist";
				LD_RUNPATH_SEARCH_PATHS = "$(inherited) @executable_path/Frameworks @loader_path/Frameworks";
				PRODUCT_BUNDLE_IDENTIFIER = "aarpasi.Cryptonite-iOSUITests";
				PRODUCT_NAME = "$(TARGET_NAME)";
				TEST_TARGET_NAME = "Cryptonite-iOS";
			};
			name = Debug;
		};
		497CBB291DA89DC200A63A50 /* Release */ = {
			isa = XCBuildConfiguration;
			baseConfigurationReference = 1C30DB549EA5068A8A8F7FF5 /* Pods-Cryptonite-iOSUITests.release.xcconfig */;
			buildSettings = {
				INFOPLIST_FILE = "Cryptonite-iOSUITests/Info.plist";
				LD_RUNPATH_SEARCH_PATHS = "$(inherited) @executable_path/Frameworks @loader_path/Frameworks";
				PRODUCT_BUNDLE_IDENTIFIER = "aarpasi.Cryptonite-iOSUITests";
				PRODUCT_NAME = "$(TARGET_NAME)";
				TEST_TARGET_NAME = "Cryptonite-iOS";
			};
			name = Release;
		};
/* End XCBuildConfiguration section */

/* Begin XCConfigurationList section */
		497CBAF41DA89DC100A63A50 /* Build configuration list for PBXProject "Cryptonite-iOS" */ = {
			isa = XCConfigurationList;
			buildConfigurations = (
				497CBB1F1DA89DC200A63A50 /* Debug */,
				497CBB201DA89DC200A63A50 /* Release */,
			);
			defaultConfigurationIsVisible = 0;
			defaultConfigurationName = Release;
		};
		497CBB211DA89DC200A63A50 /* Build configuration list for PBXNativeTarget "Cryptonite-iOS" */ = {
			isa = XCConfigurationList;
			buildConfigurations = (
				497CBB221DA89DC200A63A50 /* Debug */,
				497CBB231DA89DC200A63A50 /* Release */,
			);
			defaultConfigurationIsVisible = 0;
			defaultConfigurationName = Release;
		};
		497CBB241DA89DC200A63A50 /* Build configuration list for PBXNativeTarget "Cryptonite-iOSTests" */ = {
			isa = XCConfigurationList;
			buildConfigurations = (
				497CBB251DA89DC200A63A50 /* Debug */,
				497CBB261DA89DC200A63A50 /* Release */,
			);
			defaultConfigurationIsVisible = 0;
			defaultConfigurationName = Release;
		};
		497CBB271DA89DC200A63A50 /* Build configuration list for PBXNativeTarget "Cryptonite-iOSUITests" */ = {
			isa = XCConfigurationList;
			buildConfigurations = (
				497CBB281DA89DC200A63A50 /* Debug */,
				497CBB291DA89DC200A63A50 /* Release */,
			);
			defaultConfigurationIsVisible = 0;
			defaultConfigurationName = Release;
		};
/* End XCConfigurationList section */
	};
	rootObject = 497CBAF11DA89DC100A63A50 /* Project object */;
}
